// !$*UTF8*$!
{
	archiveVersion = 1;
	classes = {
	};
	objectVersion = 56;
	objects = {

/* Begin PBXBuildFile section */
		49ECFB54297430ED00414558 /* AllowanceApp.swift in Sources */ = {isa = PBXBuildFile; fileRef = 49ECFB53297430ED00414558 /* AllowanceApp.swift */; };
		49ECFB56297430ED00414558 /* ContentView.swift in Sources */ = {isa = PBXBuildFile; fileRef = 49ECFB55297430ED00414558 /* ContentView.swift */; };
		49ECFB58297430ED00414558 /* Assets.xcassets in Resources */ = {isa = PBXBuildFile; fileRef = 49ECFB57297430ED00414558 /* Assets.xcassets */; };
		49ECFB5B297430ED00414558 /* Preview Assets.xcassets in Resources */ = {isa = PBXBuildFile; fileRef = 49ECFB5A297430ED00414558 /* Preview Assets.xcassets */; };
		49ECFB65297430EE00414558 /* AllowanceTests.swift in Sources */ = {isa = PBXBuildFile; fileRef = 49ECFB64297430EE00414558 /* AllowanceTests.swift */; };
		49ECFB6F297430EE00414558 /* AllowanceUITests.swift in Sources */ = {isa = PBXBuildFile; fileRef = 49ECFB6E297430EE00414558 /* AllowanceUITests.swift */; };
		49ECFB71297430EE00414558 /* AllowanceUITestsLaunchTests.swift in Sources */ = {isa = PBXBuildFile; fileRef = 49ECFB70297430EE00414558 /* AllowanceUITestsLaunchTests.swift */; };
/* End PBXBuildFile section */

/* Begin PBXContainerItemProxy section */
		49ECFB61297430EE00414558 /* PBXContainerItemProxy */ = {
			isa = PBXContainerItemProxy;
			containerPortal = 49ECFB48297430ED00414558 /* Project object */;
			proxyType = 1;
			remoteGlobalIDString = 49ECFB4F297430ED00414558;
			remoteInfo = Allowance;
		};
		49ECFB6B297430EE00414558 /* PBXContainerItemProxy */ = {
			isa = PBXContainerItemProxy;
			containerPortal = 49ECFB48297430ED00414558 /* Project object */;
			proxyType = 1;
			remoteGlobalIDString = 49ECFB4F297430ED00414558;
			remoteInfo = Allowance;
		};
/* End PBXContainerItemProxy section */

/* Begin PBXFileReference section */
		49ECFB50297430ED00414558 /* Allowance.app */ = {isa = PBXFileReference; explicitFileType = wrapper.application; includeInIndex = 0; path = Allowance.app; sourceTree = BUILT_PRODUCTS_DIR; };
		49ECFB53297430ED00414558 /* AllowanceApp.swift */ = {isa = PBXFileReference; lastKnownFileType = sourcecode.swift; path = AllowanceApp.swift; sourceTree = "<group>"; };
		49ECFB55297430ED00414558 /* ContentView.swift */ = {isa = PBXFileReference; lastKnownFileType = sourcecode.swift; path = ContentView.swift; sourceTree = "<group>"; };
		49ECFB57297430ED00414558 /* Assets.xcassets */ = {isa = PBXFileReference; lastKnownFileType = folder.assetcatalog; path = Assets.xcassets; sourceTree = "<group>"; };
		49ECFB5A297430ED00414558 /* Preview Assets.xcassets */ = {isa = PBXFileReference; lastKnownFileType = folder.assetcatalog; path = "Preview Assets.xcassets"; sourceTree = "<group>"; };
		49ECFB60297430EE00414558 /* AllowanceTests.xctest */ = {isa = PBXFileReference; explicitFileType = wrapper.cfbundle; includeInIndex = 0; path = AllowanceTests.xctest; sourceTree = BUILT_PRODUCTS_DIR; };
		49ECFB64297430EE00414558 /* AllowanceTests.swift */ = {isa = PBXFileReference; lastKnownFileType = sourcecode.swift; path = AllowanceTests.swift; sourceTree = "<group>"; };
		49ECFB6A297430EE00414558 /* AllowanceUITests.xctest */ = {isa = PBXFileReference; explicitFileType = wrapper.cfbundle; includeInIndex = 0; path = AllowanceUITests.xctest; sourceTree = BUILT_PRODUCTS_DIR; };
		49ECFB6E297430EE00414558 /* AllowanceUITests.swift */ = {isa = PBXFileReference; lastKnownFileType = sourcecode.swift; path = AllowanceUITests.swift; sourceTree = "<group>"; };
		49ECFB70297430EE00414558 /* AllowanceUITestsLaunchTests.swift */ = {isa = PBXFileReference; lastKnownFileType = sourcecode.swift; path = AllowanceUITestsLaunchTests.swift; sourceTree = "<group>"; };
/* End PBXFileReference section */

/* Begin PBXFrameworksBuildPhase section */
		49ECFB4D297430ED00414558 /* Frameworks */ = {
			isa = PBXFrameworksBuildPhase;
			buildActionMask = 2147483647;
			files = (
			);
			runOnlyForDeploymentPostprocessing = 0;
		};
		49ECFB5D297430EE00414558 /* Frameworks */ = {
			isa = PBXFrameworksBuildPhase;
			buildActionMask = 2147483647;
			files = (
			);
			runOnlyForDeploymentPostprocessing = 0;
		};
		49ECFB67297430EE00414558 /* Frameworks */ = {
			isa = PBXFrameworksBuildPhase;
			buildActionMask = 2147483647;
			files = (
			);
			runOnlyForDeploymentPostprocessing = 0;
		};
/* End PBXFrameworksBuildPhase section */

/* Begin PBXGroup section */
		49ECFB47297430ED00414558 = {
			isa = PBXGroup;
			children = (
				49ECFB52297430ED00414558 /* Allowance */,
				49ECFB63297430EE00414558 /* AllowanceTests */,
				49ECFB6D297430EE00414558 /* AllowanceUITests */,
				49ECFB51297430ED00414558 /* Products */,
			);
			sourceTree = "<group>";
		};
		49ECFB51297430ED00414558 /* Products */ = {
			isa = PBXGroup;
			children = (
				49ECFB50297430ED00414558 /* Allowance.app */,
				49ECFB60297430EE00414558 /* AllowanceTests.xctest */,
				49ECFB6A297430EE00414558 /* AllowanceUITests.xctest */,
			);
			name = Products;
			sourceTree = "<group>";
		};
		49ECFB52297430ED00414558 /* Allowance */ = {
			isa = PBXGroup;
			children = (
				49ECFB53297430ED00414558 /* AllowanceApp.swift */,
				49ECFB55297430ED00414558 /* ContentView.swift */,
				49ECFB57297430ED00414558 /* Assets.xcassets */,
				49ECFB59297430ED00414558 /* Preview Content */,
			);
			path = Allowance;
			sourceTree = "<group>";
		};
		49ECFB59297430ED00414558 /* Preview Content */ = {
			isa = PBXGroup;
			children = (
				49ECFB5A297430ED00414558 /* Preview Assets.xcassets */,
			);
			path = "Preview Content";
			sourceTree = "<group>";
		};
		49ECFB63297430EE00414558 /* AllowanceTests */ = {
			isa = PBXGroup;
			children = (
				49ECFB64297430EE00414558 /* AllowanceTests.swift */,
			);
			path = AllowanceTests;
			sourceTree = "<group>";
		};
		49ECFB6D297430EE00414558 /* AllowanceUITests */ = {
			isa = PBXGroup;
			children = (
				49ECFB6E297430EE00414558 /* AllowanceUITests.swift */,
				49ECFB70297430EE00414558 /* AllowanceUITestsLaunchTests.swift */,
			);
			path = AllowanceUITests;
			sourceTree = "<group>";
		};
/* End PBXGroup section */

/* Begin PBXNativeTarget section */
		49ECFB4F297430ED00414558 /* Allowance */ = {
			isa = PBXNativeTarget;
			buildConfigurationList = 49ECFB74297430EE00414558 /* Build configuration list for PBXNativeTarget "Allowance" */;
			buildPhases = (
				49ECFB4C297430ED00414558 /* Sources */,
				49ECFB4D297430ED00414558 /* Frameworks */,
				49ECFB4E297430ED00414558 /* Resources */,
			);
			buildRules = (
			);
			dependencies = (
			);
			name = Allowance;
			productName = Allowance;
			productReference = 49ECFB50297430ED00414558 /* Allowance.app */;
			productType = "com.apple.product-type.application";
		};
		49ECFB5F297430EE00414558 /* AllowanceTests */ = {
			isa = PBXNativeTarget;
			buildConfigurationList = 49ECFB77297430EE00414558 /* Build configuration list for PBXNativeTarget "AllowanceTests" */;
			buildPhases = (
				49ECFB5C297430EE00414558 /* Sources */,
				49ECFB5D297430EE00414558 /* Frameworks */,
				49ECFB5E297430EE00414558 /* Resources */,
			);
			buildRules = (
			);
			dependencies = (
				49ECFB62297430EE00414558 /* PBXTargetDependency */,
			);
			name = AllowanceTests;
			productName = AllowanceTests;
			productReference = 49ECFB60297430EE00414558 /* AllowanceTests.xctest */;
			productType = "com.apple.product-type.bundle.unit-test";
		};
		49ECFB69297430EE00414558 /* AllowanceUITests */ = {
			isa = PBXNativeTarget;
			buildConfigurationList = 49ECFB7A297430EE00414558 /* Build configuration list for PBXNativeTarget "AllowanceUITests" */;
			buildPhases = (
				49ECFB66297430EE00414558 /* Sources */,
				49ECFB67297430EE00414558 /* Frameworks */,
				49ECFB68297430EE00414558 /* Resources */,
			);
			buildRules = (
			);
			dependencies = (
				49ECFB6C297430EE00414558 /* PBXTargetDependency */,
			);
			name = AllowanceUITests;
			productName = AllowanceUITests;
			productReference = 49ECFB6A297430EE00414558 /* AllowanceUITests.xctest */;
			productType = "com.apple.product-type.bundle.ui-testing";
		};
/* End PBXNativeTarget section */

/* Begin PBXProject section */
		49ECFB48297430ED00414558 /* Project object */ = {
			isa = PBXProject;
			attributes = {
				BuildIndependentTargetsInParallel = 1;
				LastSwiftUpdateCheck = 1420;
				LastUpgradeCheck = 1420;
				TargetAttributes = {
					49ECFB4F297430ED00414558 = {
						CreatedOnToolsVersion = 14.2;
					};
					49ECFB5F297430EE00414558 = {
						CreatedOnToolsVersion = 14.2;
						TestTargetID = 49ECFB4F297430ED00414558;
					};
					49ECFB69297430EE00414558 = {
						CreatedOnToolsVersion = 14.2;
						TestTargetID = 49ECFB4F297430ED00414558;
					};
				};
			};
			buildConfigurationList = 49ECFB4B297430ED00414558 /* Build configuration list for PBXProject "Allowance" */;
			compatibilityVersion = "Xcode 14.0";
			developmentRegion = en;
			hasScannedForEncodings = 0;
			knownRegions = (
				en,
				Base,
			);
			mainGroup = 49ECFB47297430ED00414558;
			productRefGroup = 49ECFB51297430ED00414558 /* Products */;
			projectDirPath = "";
			projectRoot = "";
			targets = (
				49ECFB4F297430ED00414558 /* Allowance */,
				49ECFB5F297430EE00414558 /* AllowanceTests */,
				49ECFB69297430EE00414558 /* AllowanceUITests */,
			);
		};
/* End PBXProject section */

/* Begin PBXResourcesBuildPhase section */
		49ECFB4E297430ED00414558 /* Resources */ = {
			isa = PBXResourcesBuildPhase;
			buildActionMask = 2147483647;
			files = (
				49ECFB5B297430ED00414558 /* Preview Assets.xcassets in Resources */,
				49ECFB58297430ED00414558 /* Assets.xcassets in Resources */,
			);
			runOnlyForDeploymentPostprocessing = 0;
		};
		49ECFB5E297430EE00414558 /* Resources */ = {
			isa = PBXResourcesBuildPhase;
			buildActionMask = 2147483647;
			files = (
			);
			runOnlyForDeploymentPostprocessing = 0;
		};
		49ECFB68297430EE00414558 /* Resources */ = {
			isa = PBXResourcesBuildPhase;
			buildActionMask = 2147483647;
			files = (
			);
			runOnlyForDeploymentPostprocessing = 0;
		};
/* End PBXResourcesBuildPhase section */

/* Begin PBXSourcesBuildPhase section */
		49ECFB4C297430ED00414558 /* Sources */ = {
			isa = PBXSourcesBuildPhase;
			buildActionMask = 2147483647;
			files = (
				49ECFB56297430ED00414558 /* ContentView.swift in Sources */,
				49ECFB54297430ED00414558 /* AllowanceApp.swift in Sources */,
			);
			runOnlyForDeploymentPostprocessing = 0;
		};
		49ECFB5C297430EE00414558 /* Sources */ = {
			isa = PBXSourcesBuildPhase;
			buildActionMask = 2147483647;
			files = (
				49ECFB65297430EE00414558 /* AllowanceTests.swift in Sources */,
			);
			runOnlyForDeploymentPostprocessing = 0;
		};
		49ECFB66297430EE00414558 /* Sources */ = {
			isa = PBXSourcesBuildPhase;
			buildActionMask = 2147483647;
			files = (
				49ECFB6F297430EE00414558 /* AllowanceUITests.swift in Sources */,
				49ECFB71297430EE00414558 /* AllowanceUITestsLaunchTests.swift in Sources */,
			);
			runOnlyForDeploymentPostprocessing = 0;
		};
/* End PBXSourcesBuildPhase section */

/* Begin PBXTargetDependency section */
		49ECFB62297430EE00414558 /* PBXTargetDependency */ = {
			isa = PBXTargetDependency;
			target = 49ECFB4F297430ED00414558 /* Allowance */;
			targetProxy = 49ECFB61297430EE00414558 /* PBXContainerItemProxy */;
		};
		49ECFB6C297430EE00414558 /* PBXTargetDependency */ = {
			isa = PBXTargetDependency;
			target = 49ECFB4F297430ED00414558 /* Allowance */;
			targetProxy = 49ECFB6B297430EE00414558 /* PBXContainerItemProxy */;
		};
/* End PBXTargetDependency section */

/* Begin XCBuildConfiguration section */
		49ECFB72297430EE00414558 /* Debug */ = {
			isa = XCBuildConfiguration;
			buildSettings = {
				ALWAYS_SEARCH_USER_PATHS = NO;
				CLANG_ANALYZER_NONNULL = YES;
				CLANG_ANALYZER_NUMBER_OBJECT_CONVERSION = YES_AGGRESSIVE;
				CLANG_CXX_LANGUAGE_STANDARD = "gnu++20";
				CLANG_ENABLE_MODULES = YES;
				CLANG_ENABLE_OBJC_ARC = YES;
				CLANG_ENABLE_OBJC_WEAK = YES;
				CLANG_WARN_BLOCK_CAPTURE_AUTORELEASING = YES;
				CLANG_WARN_BOOL_CONVERSION = YES;
				CLANG_WARN_COMMA = YES;
				CLANG_WARN_CONSTANT_CONVERSION = YES;
				CLANG_WARN_DEPRECATED_OBJC_IMPLEMENTATIONS = YES;
				CLANG_WARN_DIRECT_OBJC_ISA_USAGE = YES_ERROR;
				CLANG_WARN_DOCUMENTATION_COMMENTS = YES;
				CLANG_WARN_EMPTY_BODY = YES;
				CLANG_WARN_ENUM_CONVERSION = YES;
				CLANG_WARN_INFINITE_RECURSION = YES;
				CLANG_WARN_INT_CONVERSION = YES;
				CLANG_WARN_NON_LITERAL_NULL_CONVERSION = YES;
				CLANG_WARN_OBJC_IMPLICIT_RETAIN_SELF = YES;
				CLANG_WARN_OBJC_LITERAL_CONVERSION = YES;
				CLANG_WARN_OBJC_ROOT_CLASS = YES_ERROR;
				CLANG_WARN_QUOTED_INCLUDE_IN_FRAMEWORK_HEADER = YES;
				CLANG_WARN_RANGE_LOOP_ANALYSIS = YES;
				CLANG_WARN_STRICT_PROTOTYPES = YES;
				CLANG_WARN_SUSPICIOUS_MOVE = YES;
				CLANG_WARN_UNGUARDED_AVAILABILITY = YES_AGGRESSIVE;
				CLANG_WARN_UNREACHABLE_CODE = YES;
				CLANG_WARN__DUPLICATE_METHOD_MATCH = YES;
				COPY_PHASE_STRIP = NO;
				DEBUG_INFORMATION_FORMAT = dwarf;
				ENABLE_STRICT_OBJC_MSGSEND = YES;
				ENABLE_TESTABILITY = YES;
				GCC_C_LANGUAGE_STANDARD = gnu11;
				GCC_DYNAMIC_NO_PIC = NO;
				GCC_NO_COMMON_BLOCKS = YES;
				GCC_OPTIMIZATION_LEVEL = 0;
				GCC_PREPROCESSOR_DEFINITIONS = (
					"DEBUG=1",
					"$(inherited)",
				);
				GCC_WARN_64_TO_32_BIT_CONVERSION = YES;
				GCC_WARN_ABOUT_RETURN_TYPE = YES_ERROR;
				GCC_WARN_UNDECLARED_SELECTOR = YES;
				GCC_WARN_UNINITIALIZED_AUTOS = YES_AGGRESSIVE;
				GCC_WARN_UNUSED_FUNCTION = YES;
				GCC_WARN_UNUSED_VARIABLE = YES;
				IPHONEOS_DEPLOYMENT_TARGET = 16.2;
				MTL_ENABLE_DEBUG_INFO = INCLUDE_SOURCE;
				MTL_FAST_MATH = YES;
				ONLY_ACTIVE_ARCH = YES;
				SDKROOT = iphoneos;
				SWIFT_ACTIVE_COMPILATION_CONDITIONS = DEBUG;
				SWIFT_OPTIMIZATION_LEVEL = "-Onone";
			};
			name = Debug;
		};
		49ECFB73297430EE00414558 /* Release */ = {
			isa = XCBuildConfiguration;
			buildSettings = {
				ALWAYS_SEARCH_USER_PATHS = NO;
				CLANG_ANALYZER_NONNULL = YES;
				CLANG_ANALYZER_NUMBER_OBJECT_CONVERSION = YES_AGGRESSIVE;
				CLANG_CXX_LANGUAGE_STANDARD = "gnu++20";
				CLANG_ENABLE_MODULES = YES;
				CLANG_ENABLE_OBJC_ARC = YES;
				CLANG_ENABLE_OBJC_WEAK = YES;
				CLANG_WARN_BLOCK_CAPTURE_AUTORELEASING = YES;
				CLANG_WARN_BOOL_CONVERSION = YES;
				CLANG_WARN_COMMA = YES;
				CLANG_WARN_CONSTANT_CONVERSION = YES;
				CLANG_WARN_DEPRECATED_OBJC_IMPLEMENTATIONS = YES;
				CLANG_WARN_DIRECT_OBJC_ISA_USAGE = YES_ERROR;
				CLANG_WARN_DOCUMENTATION_COMMENTS = YES;
				CLANG_WARN_EMPTY_BODY = YES;
				CLANG_WARN_ENUM_CONVERSION = YES;
				CLANG_WARN_INFINITE_RECURSION = YES;
				CLANG_WARN_INT_CONVERSION = YES;
				CLANG_WARN_NON_LITERAL_NULL_CONVERSION = YES;
				CLANG_WARN_OBJC_IMPLICIT_RETAIN_SELF = YES;
				CLANG_WARN_OBJC_LITERAL_CONVERSION = YES;
				CLANG_WARN_OBJC_ROOT_CLASS = YES_ERROR;
				CLANG_WARN_QUOTED_INCLUDE_IN_FRAMEWORK_HEADER = YES;
				CLANG_WARN_RANGE_LOOP_ANALYSIS = YES;
				CLANG_WARN_STRICT_PROTOTYPES = YES;
				CLANG_WARN_SUSPICIOUS_MOVE = YES;
				CLANG_WARN_UNGUARDED_AVAILABILITY = YES_AGGRESSIVE;
				CLANG_WARN_UNREACHABLE_CODE = YES;
				CLANG_WARN__DUPLICATE_METHOD_MATCH = YES;
				COPY_PHASE_STRIP = NO;
				DEBUG_INFORMATION_FORMAT = "dwarf-with-dsym";
				ENABLE_NS_ASSERTIONS = NO;
				ENABLE_STRICT_OBJC_MSGSEND = YES;
				GCC_C_LANGUAGE_STANDARD = gnu11;
				GCC_NO_COMMON_BLOCKS = YES;
				GCC_WARN_64_TO_32_BIT_CONVERSION = YES;
				GCC_WARN_ABOUT_RETURN_TYPE = YES_ERROR;
				GCC_WARN_UNDECLARED_SELECTOR = YES;
				GCC_WARN_UNINITIALIZED_AUTOS = YES_AGGRESSIVE;
				GCC_WARN_UNUSED_FUNCTION = YES;
				GCC_WARN_UNUSED_VARIABLE = YES;
				IPHONEOS_DEPLOYMENT_TARGET = 16.2;
				MTL_ENABLE_DEBUG_INFO = NO;
				MTL_FAST_MATH = YES;
				SDKROOT = iphoneos;
				SWIFT_COMPILATION_MODE = wholemodule;
				SWIFT_OPTIMIZATION_LEVEL = "-O";
				VALIDATE_PRODUCT = YES;
			};
			name = Release;
		};
		49ECFB75297430EE00414558 /* Debug */ = {
			isa = XCBuildConfiguration;
			buildSettings = {
				ASSETCATALOG_COMPILER_APPICON_NAME = AppIcon;
				ASSETCATALOG_COMPILER_GLOBAL_ACCENT_COLOR_NAME = AccentColor;
				CODE_SIGN_STYLE = Automatic;
				CURRENT_PROJECT_VERSION = 1;
				DEVELOPMENT_ASSET_PATHS = "\"Allowance/Preview Content\"";
				DEVELOPMENT_TEAM = 39LR262F5K;
				ENABLE_PREVIEWS = YES;
				GENERATE_INFOPLIST_FILE = YES;
				INFOPLIST_KEY_UIApplicationSceneManifest_Generation = YES;
				INFOPLIST_KEY_UIApplicationSupportsIndirectInputEvents = YES;
				INFOPLIST_KEY_UILaunchScreen_Generation = YES;
				INFOPLIST_KEY_UISupportedInterfaceOrientations_iPad = "UIInterfaceOrientationPortrait UIInterfaceOrientationPortraitUpsideDown UIInterfaceOrientationLandscapeLeft UIInterfaceOrientationLandscapeRight";
				INFOPLIST_KEY_UISupportedInterfaceOrientations_iPhone = "UIInterfaceOrientationPortrait UIInterfaceOrientationLandscapeLeft UIInterfaceOrientationLandscapeRight";
				LD_RUNPATH_SEARCH_PATHS = (
					"$(inherited)",
					"@executable_path/Frameworks",
				);
				MARKETING_VERSION = 1.0;
				PRODUCT_BUNDLE_IDENTIFIER = com.sethawright.Allowance;
				PRODUCT_NAME = "$(TARGET_NAME)";
				SWIFT_EMIT_LOC_STRINGS = YES;
				SWIFT_VERSION = 5.0;
				TARGETED_DEVICE_FAMILY = "1,2";
			};
			name = Debug;
		};
		49ECFB76297430EE00414558 /* Release */ = {
			isa = XCBuildConfiguration;
			buildSettings = {
				ASSETCATALOG_COMPILER_APPICON_NAME = AppIcon;
				ASSETCATALOG_COMPILER_GLOBAL_ACCENT_COLOR_NAME = AccentColor;
				CODE_SIGN_STYLE = Automatic;
				CURRENT_PROJECT_VERSION = 1;
				DEVELOPMENT_ASSET_PATHS = "\"Allowance/Preview Content\"";
				DEVELOPMENT_TEAM = 39LR262F5K;
				ENABLE_PREVIEWS = YES;
				GENERATE_INFOPLIST_FILE = YES;
				INFOPLIST_KEY_UIApplicationSceneManifest_Generation = YES;
				INFOPLIST_KEY_UIApplicationSupportsIndirectInputEvents = YES;
				INFOPLIST_KEY_UILaunchScreen_Generation = YES;
				INFOPLIST_KEY_UISupportedInterfaceOrientations_iPad = "UIInterfaceOrientationPortrait UIInterfaceOrientationPortraitUpsideDown UIInterfaceOrientationLandscapeLeft UIInterfaceOrientationLandscapeRight";
				INFOPLIST_KEY_UISupportedInterfaceOrientations_iPhone = "UIInterfaceOrientationPortrait UIInterfaceOrientationLandscapeLeft UIInterfaceOrientationLandscapeRight";
				LD_RUNPATH_SEARCH_PATHS = (
					"$(inherited)",
					"@executable_path/Frameworks",
				);
				MARKETING_VERSION = 1.0;
				PRODUCT_BUNDLE_IDENTIFIER = com.sethawright.Allowance;
				PRODUCT_NAME = "$(TARGET_NAME)";
				SWIFT_EMIT_LOC_STRINGS = YES;
				SWIFT_VERSION = 5.0;
				TARGETED_DEVICE_FAMILY = "1,2";
			};
			name = Release;
		};
		49ECFB78297430EE00414558 /* Debug */ = {
			isa = XCBuildConfiguration;
			buildSettings = {
				ALWAYS_EMBED_SWIFT_STANDARD_LIBRARIES = YES;
				BUNDLE_LOADER = "$(TEST_HOST)";
				CODE_SIGN_STYLE = Automatic;
				CURRENT_PROJECT_VERSION = 1;
				DEVELOPMENT_TEAM = 39LR262F5K;
				GENERATE_INFOPLIST_FILE = YES;
				IPHONEOS_DEPLOYMENT_TARGET = 16.2;
				MARKETING_VERSION = 1.0;
				PRODUCT_BUNDLE_IDENTIFIER = com.sethawright.AllowanceTests;
				PRODUCT_NAME = "$(TARGET_NAME)";
				SWIFT_EMIT_LOC_STRINGS = NO;
				SWIFT_VERSION = 5.0;
				TARGETED_DEVICE_FAMILY = "1,2";
				TEST_HOST = "$(BUILT_PRODUCTS_DIR)/Allowance.app/$(BUNDLE_EXECUTABLE_FOLDER_PATH)/Allowance";
			};
			name = Debug;
		};
		49ECFB79297430EE00414558 /* Release */ = {
			isa = XCBuildConfiguration;
			buildSettings = {
				ALWAYS_EMBED_SWIFT_STANDARD_LIBRARIES = YES;
				BUNDLE_LOADER = "$(TEST_HOST)";
				CODE_SIGN_STYLE = Automatic;
				CURRENT_PROJECT_VERSION = 1;
				DEVELOPMENT_TEAM = 39LR262F5K;
				GENERATE_INFOPLIST_FILE = YES;
				IPHONEOS_DEPLOYMENT_TARGET = 16.2;
				MARKETING_VERSION = 1.0;
				PRODUCT_BUNDLE_IDENTIFIER = com.sethawright.AllowanceTests;
				PRODUCT_NAME = "$(TARGET_NAME)";
				SWIFT_EMIT_LOC_STRINGS = NO;
				SWIFT_VERSION = 5.0;
				TARGETED_DEVICE_FAMILY = "1,2";
				TEST_HOST = "$(BUILT_PRODUCTS_DIR)/Allowance.app/$(BUNDLE_EXECUTABLE_FOLDER_PATH)/Allowance";
			};
			name = Release;
		};
		49ECFB7B297430EE00414558 /* Debug */ = {
			isa = XCBuildConfiguration;
			buildSettings = {
				ALWAYS_EMBED_SWIFT_STANDARD_LIBRARIES = YES;
				CODE_SIGN_STYLE = Automatic;
				CURRENT_PROJECT_VERSION = 1;
				DEVELOPMENT_TEAM = 39LR262F5K;
				GENERATE_INFOPLIST_FILE = YES;
				MARKETING_VERSION = 1.0;
				PRODUCT_BUNDLE_IDENTIFIER = com.sethawright.AllowanceUITests;
				PRODUCT_NAME = "$(TARGET_NAME)";
				SWIFT_EMIT_LOC_STRINGS = NO;
				SWIFT_VERSION = 5.0;
				TARGETED_DEVICE_FAMILY = "1,2";
				TEST_TARGET_NAME = Allowance;
			};
			name = Debug;
		};
		49ECFB7C297430EE00414558 /* Release */ = {
			isa = XCBuildConfiguration;
			buildSettings = {
				ALWAYS_EMBED_SWIFT_STANDARD_LIBRARIES = YES;
				CODE_SIGN_STYLE = Automatic;
				CURRENT_PROJECT_VERSION = 1;
				DEVELOPMENT_TEAM = 39LR262F5K;
				GENERATE_INFOPLIST_FILE = YES;
				MARKETING_VERSION = 1.0;
				PRODUCT_BUNDLE_IDENTIFIER = com.sethawright.AllowanceUITests;
				PRODUCT_NAME = "$(TARGET_NAME)";
				SWIFT_EMIT_LOC_STRINGS = NO;
				SWIFT_VERSION = 5.0;
				TARGETED_DEVICE_FAMILY = "1,2";
				TEST_TARGET_NAME = Allowance;
			};
			name = Release;
		};
/* End XCBuildConfiguration section */

/* Begin XCConfigurationList section */
		49ECFB4B297430ED00414558 /* Build configuration list for PBXProject "Allowance" */ = {
			isa = XCConfigurationList;
			buildConfigurations = (
				49ECFB72297430EE00414558 /* Debug */,
				49ECFB73297430EE00414558 /* Release */,
			);
			defaultConfigurationIsVisible = 0;
			defaultConfigurationName = Release;
		};
		49ECFB74297430EE00414558 /* Build configuration list for PBXNativeTarget "Allowance" */ = {
			isa = XCConfigurationList;
			buildConfigurations = (
				49ECFB75297430EE00414558 /* Debug */,
				49ECFB76297430EE00414558 /* Release */,
			);
			defaultConfigurationIsVisible = 0;
			defaultConfigurationName = Release;
		};
		49ECFB77297430EE00414558 /* Build configuration list for PBXNativeTarget "AllowanceTests" */ = {
			isa = XCConfigurationList;
			buildConfigurations = (
				49ECFB78297430EE00414558 /* Debug */,
				49ECFB79297430EE00414558 /* Release */,
			);
			defaultConfigurationIsVisible = 0;
			defaultConfigurationName = Release;
		};
		49ECFB7A297430EE00414558 /* Build configuration list for PBXNativeTarget "AllowanceUITests" */ = {
			isa = XCConfigurationList;
			buildConfigurations = (
				49ECFB7B297430EE00414558 /* Debug */,
				49ECFB7C297430EE00414558 /* Release */,
			);
			defaultConfigurationIsVisible = 0;
			defaultConfigurationName = Release;
		};
/* End XCConfigurationList section */
	};
	rootObject = 49ECFB48297430ED00414558 /* Project object */;
}
